
Microsoft Visual Studio Solution File, Format Version 12.00
# Visual Studio 14
VisualStudioVersion = 14.0.25123.0
MinimumVisualStudioVersion = 10.0.40219.1
Project("{FAE04EC0-301F-11D3-BF4B-00C04F79EFBC}") = "cmd-sleep", "cmd-sleep\cmd-sleep.csproj", "{E2A55660-FDF0-494A-A0E7-1026CC50202E}"
EndProject
Project("{2150E333-8FDC-42A3-9474-1A3956D46DE8}") = "Solution Items", "Solution Items", "{73C78870-0EDD-431C-AEC1-23B6D7602354}"
	ProjectSection(SolutionItems) = preProject
		README.md = README.md
	EndProjectSection
EndProject
Global
	GlobalSection(SolutionConfigurationPlatforms) = preSolution
		Debug|Any CPU = Debug|Any CPU
		Release|Any CPU = Release|Any CPU
	EndGlobalSection
	GlobalSection(ProjectConfigurationPlatforms) = postSolution
		{E2A55660-FDF0-494A-A0E7-1026CC50202E}.Debug|Any CPU.ActiveCfg = Debug|Any CPU
		{E2A55660-FDF0-494A-A0E7-1026CC50202E}.Debug|Any CPU.Build.0 = Debug|Any CPU
		{E2A55660-FDF0-494A-A0E7-1026CC50202E}.Release|Any CPU.ActiveCfg = Release|Any CPU
		{E2A55660-FDF0-494A-A0E7-1026CC50202E}.Release|Any CPU.Build.0 = Release|Any CPU
	EndGlobalSection
	GlobalSection(SolutionProperties) = preSolution
		HideSolutionNode = FALSE
	EndGlobalSection
EndGlobal
